
Microsoft Visual Studio Solution File, Format Version 12.00
# Visual Studio Version 17
VisualStudioVersion = 17.7.34221.43
MinimumVisualStudioVersion = 10.0.40219.1
Project("{9A19103F-16F7-4668-BE54-9A1E7A4F7556}") = "Noteing.API", "Noteing.API\Noteing.API.csproj", "{694E1F10-494E-4F47-8FC5-4242FE8E0E6B}"
EndProject
Project("{FAE04EC0-301F-11D3-BF4B-00C04F79EFBC}") = "CertificateGenerator", "CertificateGenerator\CertificateGenerator.csproj", "{C1D98B59-0F8A-4ABC-92AE-85C37DEE51EC}"
EndProject
Global
	GlobalSection(SolutionConfigurationPlatforms) = preSolution
		Debug|Any CPU = Debug|Any CPU
		Release|Any CPU = Release|Any CPU
	EndGlobalSection
	GlobalSection(ProjectConfigurationPlatforms) = postSolution
		{694E1F10-494E-4F47-8FC5-4242FE8E0E6B}.Debug|Any CPU.ActiveCfg = Debug|Any CPU
		{694E1F10-494E-4F47-8FC5-4242FE8E0E6B}.Debug|Any CPU.Build.0 = Debug|Any CPU
		{694E1F10-494E-4F47-8FC5-4242FE8E0E6B}.Release|Any CPU.ActiveCfg = Release|Any CPU
		{694E1F10-494E-4F47-8FC5-4242FE8E0E6B}.Release|Any CPU.Build.0 = Release|Any CPU
		{C1D98B59-0F8A-4ABC-92AE-85C37DEE51EC}.Debug|Any CPU.ActiveCfg = Debug|Any CPU
		{C1D98B59-0F8A-4ABC-92AE-85C37DEE51EC}.Debug|Any CPU.Build.0 = Debug|Any CPU
		{C1D98B59-0F8A-4ABC-92AE-85C37DEE51EC}.Release|Any CPU.ActiveCfg = Release|Any CPU
		{C1D98B59-0F8A-4ABC-92AE-85C37DEE51EC}.Release|Any CPU.Build.0 = Release|Any CPU
	EndGlobalSection
	GlobalSection(SolutionProperties) = preSolution
		HideSolutionNode = FALSE
	EndGlobalSection
	GlobalSection(ExtensibilityGlobals) = postSolution
		SolutionGuid = {AE5C400F-A0A5-4EB1-B09A-0303798109DB}
	EndGlobalSection
EndGlobal
